
Microsoft Visual Studio Solution File, Format Version 12.00
Project("{FAE04EC0-301F-11D3-BF4B-00C04F79EFBC}") = "Client", "Client\Client.csproj", "{418265AE-C3F2-4208-9C48-5153CDDB6451}"
EndProject
Project("{FAE04EC0-301F-11D3-BF4B-00C04F79EFBC}") = "Server", "Server\Server.csproj", "{B2F27E62-1BFF-42B3-97BE-AADEC8C38F7B}"
EndProject
Project("{FAE04EC0-301F-11D3-BF4B-00C04F79EFBC}") = "WorkerStart", "WorkerStart\WorkerStart.csproj", "{A9243431-500B-4757-952C-9FEFEEAD7F19}"
EndProject
Global
	GlobalSection(SolutionConfigurationPlatforms) = preSolution
		Debug|Any CPU = Debug|Any CPU
		Release|Any CPU = Release|Any CPU
	EndGlobalSection
	GlobalSection(ProjectConfigurationPlatforms) = postSolution
		{418265AE-C3F2-4208-9C48-5153CDDB6451}.Debug|Any CPU.ActiveCfg = Debug|Any CPU
		{418265AE-C3F2-4208-9C48-5153CDDB6451}.Debug|Any CPU.Build.0 = Debug|Any CPU
		{418265AE-C3F2-4208-9C48-5153CDDB6451}.Release|Any CPU.ActiveCfg = Release|Any CPU
		{418265AE-C3F2-4208-9C48-5153CDDB6451}.Release|Any CPU.Build.0 = Release|Any CPU
		{B2F27E62-1BFF-42B3-97BE-AADEC8C38F7B}.Debug|Any CPU.ActiveCfg = Debug|Any CPU
		{B2F27E62-1BFF-42B3-97BE-AADEC8C38F7B}.Debug|Any CPU.Build.0 = Debug|Any CPU
		{B2F27E62-1BFF-42B3-97BE-AADEC8C38F7B}.Release|Any CPU.ActiveCfg = Release|Any CPU
		{B2F27E62-1BFF-42B3-97BE-AADEC8C38F7B}.Release|Any CPU.Build.0 = Release|Any CPU
		{A9243431-500B-4757-952C-9FEFEEAD7F19}.Debug|Any CPU.ActiveCfg = Debug|Any CPU
		{A9243431-500B-4757-952C-9FEFEEAD7F19}.Debug|Any CPU.Build.0 = Debug|Any CPU
		{A9243431-500B-4757-952C-9FEFEEAD7F19}.Release|Any CPU.ActiveCfg = Release|Any CPU
		{A9243431-500B-4757-952C-9FEFEEAD7F19}.Release|Any CPU.Build.0 = Release|Any CPU
	EndGlobalSection
EndGlobal
